// !$*UTF8*$!
{
	archiveVersion = 1;
	classes = {
	};
	objectVersion = 56;
	objects = {

/* Begin PBXBuildFile section */
		609534B62A1415BB0013291F /* Centroid.cpp in Sources */ = {isa = PBXBuildFile; fileRef = 609534B42A1415BB0013291F /* Centroid.cpp */; };
		609775122A1320F900334AD8 /* Point.cpp in Sources */ = {isa = PBXBuildFile; fileRef = 609775112A1320F900334AD8 /* Point.cpp */; };
		609775142A132D0000334AD8 /* KMeans.cpp in Sources */ = {isa = PBXBuildFile; fileRef = 609775132A132D0000334AD8 /* KMeans.cpp */; };
		60E2DCBE2A11F53D007DDE2B /* main.cpp in Sources */ = {isa = PBXBuildFile; fileRef = 60E2DCBD2A11F53D007DDE2B /* main.cpp */; };
/* End PBXBuildFile section */

/* Begin PBXCopyFilesBuildPhase section */
		60E2DCB82A11F53D007DDE2B /* CopyFiles */ = {
			isa = PBXCopyFilesBuildPhase;
			buildActionMask = 2147483647;
			dstPath = /usr/share/man/man1/;
			dstSubfolderSpec = 0;
			files = (
			);
			runOnlyForDeploymentPostprocessing = 1;
		};
/* End PBXCopyFilesBuildPhase section */

/* Begin PBXFileReference section */
		609534B42A1415BB0013291F /* Centroid.cpp */ = {isa = PBXFileReference; lastKnownFileType = sourcecode.cpp.cpp; path = Centroid.cpp; sourceTree = "<group>"; };
		609534B52A1415BB0013291F /* Centroid.h */ = {isa = PBXFileReference; lastKnownFileType = sourcecode.c.h; path = Centroid.h; sourceTree = "<group>"; };
		6097750E2A12FD5400334AD8 /* Point.h */ = {isa = PBXFileReference; lastKnownFileType = sourcecode.c.h; path = Point.h; sourceTree = "<group>"; };
		609775112A1320F900334AD8 /* Point.cpp */ = {isa = PBXFileReference; lastKnownFileType = sourcecode.cpp.cpp; path = Point.cpp; sourceTree = "<group>"; };
		609775132A132D0000334AD8 /* KMeans.cpp */ = {isa = PBXFileReference; lastKnownFileType = sourcecode.cpp.cpp; path = KMeans.cpp; sourceTree = "<group>"; };
		609D234E2A12B28400F22033 /* KMeans.h */ = {isa = PBXFileReference; lastKnownFileType = sourcecode.c.h; path = KMeans.h; sourceTree = "<group>"; };
		60E2DCBA2A11F53D007DDE2B /* K-Means_Clustering */ = {isa = PBXFileReference; explicitFileType = "compiled.mach-o.executable"; includeInIndex = 0; path = "K-Means_Clustering"; sourceTree = BUILT_PRODUCTS_DIR; };
		60E2DCBD2A11F53D007DDE2B /* main.cpp */ = {isa = PBXFileReference; lastKnownFileType = sourcecode.cpp.cpp; path = main.cpp; sourceTree = "<group>"; };
/* End PBXFileReference section */

/* Begin PBXFrameworksBuildPhase section */
		60E2DCB72A11F53D007DDE2B /* Frameworks */ = {
			isa = PBXFrameworksBuildPhase;
			buildActionMask = 2147483647;
			files = (
			);
			runOnlyForDeploymentPostprocessing = 0;
		};
/* End PBXFrameworksBuildPhase section */

/* Begin PBXGroup section */
		60E2DCB12A11F53D007DDE2B = {
			isa = PBXGroup;
			children = (
				60E2DCBC2A11F53D007DDE2B /* K-Means_Clustering */,
				60E2DCBB2A11F53D007DDE2B /* Products */,
			);
			sourceTree = "<group>";
		};
		60E2DCBB2A11F53D007DDE2B /* Products */ = {
			isa = PBXGroup;
			children = (
				60E2DCBA2A11F53D007DDE2B /* K-Means_Clustering */,
			);
			name = Products;
			sourceTree = "<group>";
		};
		60E2DCBC2A11F53D007DDE2B /* K-Means_Clustering */ = {
			isa = PBXGroup;
			children = (
				60E2DCBD2A11F53D007DDE2B /* main.cpp */,
				609D234E2A12B28400F22033 /* KMeans.h */,
				6097750E2A12FD5400334AD8 /* Point.h */,
				609775112A1320F900334AD8 /* Point.cpp */,
				609775132A132D0000334AD8 /* KMeans.cpp */,
				609534B42A1415BB0013291F /* Centroid.cpp */,
				609534B52A1415BB0013291F /* Centroid.h */,
			);
			path = "K-Means_Clustering";
			sourceTree = "<group>";
		};
/* End PBXGroup section */

/* Begin PBXNativeTarget section */
		60E2DCB92A11F53D007DDE2B /* K-Means_Clustering */ = {
			isa = PBXNativeTarget;
			buildConfigurationList = 60E2DCC12A11F53D007DDE2B /* Build configuration list for PBXNativeTarget "K-Means_Clustering" */;
			buildPhases = (
				60E2DCB62A11F53D007DDE2B /* Sources */,
				60E2DCB72A11F53D007DDE2B /* Frameworks */,
				60E2DCB82A11F53D007DDE2B /* CopyFiles */,
			);
			buildRules = (
			);
			dependencies = (
			);
			name = "K-Means_Clustering";
			productName = "K-Means_Clustering";
			productReference = 60E2DCBA2A11F53D007DDE2B /* K-Means_Clustering */;
			productType = "com.apple.product-type.tool";
		};
/* End PBXNativeTarget section */

/* Begin PBXProject section */
		60E2DCB22A11F53D007DDE2B /* Project object */ = {
			isa = PBXProject;
			attributes = {
				BuildIndependentTargetsInParallel = 1;
				LastUpgradeCheck = 1430;
				TargetAttributes = {
					60E2DCB92A11F53D007DDE2B = {
						CreatedOnToolsVersion = 14.3;
					};
				};
			};
			buildConfigurationList = 60E2DCB52A11F53D007DDE2B /* Build configuration list for PBXProject "K-Means_Clustering" */;
			compatibilityVersion = "Xcode 14.0";
			developmentRegion = en;
			hasScannedForEncodings = 0;
			knownRegions = (
				en,
				Base,
			);
			mainGroup = 60E2DCB12A11F53D007DDE2B;
			productRefGroup = 60E2DCBB2A11F53D007DDE2B /* Products */;
			projectDirPath = "";
			projectRoot = "";
			targets = (
				60E2DCB92A11F53D007DDE2B /* K-Means_Clustering */,
			);
		};
/* End PBXProject section */

/* Begin PBXSourcesBuildPhase section */
		60E2DCB62A11F53D007DDE2B /* Sources */ = {
			isa = PBXSourcesBuildPhase;
			buildActionMask = 2147483647;
			files = (
				609775122A1320F900334AD8 /* Point.cpp in Sources */,
				609775142A132D0000334AD8 /* KMeans.cpp in Sources */,
				60E2DCBE2A11F53D007DDE2B /* main.cpp in Sources */,
				609534B62A1415BB0013291F /* Centroid.cpp in Sources */,
			);
			runOnlyForDeploymentPostprocessing = 0;
		};
/* End PBXSourcesBuildPhase section */

/* Begin XCBuildConfiguration section */
		60E2DCBF2A11F53D007DDE2B /* Debug */ = {
			isa = XCBuildConfiguration;
			buildSettings = {
				ALWAYS_SEARCH_USER_PATHS = NO;
				CLANG_ANALYZER_NONNULL = YES;
				CLANG_ANALYZER_NUMBER_OBJECT_CONVERSION = YES_AGGRESSIVE;
				CLANG_CXX_LANGUAGE_STANDARD = "gnu++20";
				CLANG_ENABLE_MODULES = YES;
				CLANG_ENABLE_OBJC_ARC = YES;
				CLANG_ENABLE_OBJC_WEAK = YES;
				CLANG_WARN_BLOCK_CAPTURE_AUTORELEASING = YES;
				CLANG_WARN_BOOL_CONVERSION = YES;
				CLANG_WARN_COMMA = YES;
				CLANG_WARN_CONSTANT_CONVERSION = YES;
				CLANG_WARN_DEPRECATED_OBJC_IMPLEMENTATIONS = YES;
				CLANG_WARN_DIRECT_OBJC_ISA_USAGE = YES_ERROR;
				CLANG_WARN_DOCUMENTATION_COMMENTS = YES;
				CLANG_WARN_EMPTY_BODY = YES;
				CLANG_WARN_ENUM_CONVERSION = YES;
				CLANG_WARN_INFINITE_RECURSION = YES;
				CLANG_WARN_INT_CONVERSION = YES;
				CLANG_WARN_NON_LITERAL_NULL_CONVERSION = YES;
				CLANG_WARN_OBJC_IMPLICIT_RETAIN_SELF = YES;
				CLANG_WARN_OBJC_LITERAL_CONVERSION = YES;
				CLANG_WARN_OBJC_ROOT_CLASS = YES_ERROR;
				CLANG_WARN_QUOTED_INCLUDE_IN_FRAMEWORK_HEADER = YES;
				CLANG_WARN_RANGE_LOOP_ANALYSIS = YES;
				CLANG_WARN_STRICT_PROTOTYPES = YES;
				CLANG_WARN_SUSPICIOUS_MOVE = YES;
				CLANG_WARN_UNGUARDED_AVAILABILITY = YES_AGGRESSIVE;
				CLANG_WARN_UNREACHABLE_CODE = YES;
				CLANG_WARN__DUPLICATE_METHOD_MATCH = YES;
				COPY_PHASE_STRIP = NO;
				DEBUG_INFORMATION_FORMAT = dwarf;
				ENABLE_STRICT_OBJC_MSGSEND = YES;
				ENABLE_TESTABILITY = YES;
				GCC_C_LANGUAGE_STANDARD = gnu11;
				GCC_DYNAMIC_NO_PIC = NO;
				GCC_NO_COMMON_BLOCKS = YES;
				GCC_OPTIMIZATION_LEVEL = 0;
				GCC_PREPROCESSOR_DEFINITIONS = (
					"DEBUG=1",
					"$(inherited)",
				);
				GCC_WARN_64_TO_32_BIT_CONVERSION = YES;
				GCC_WARN_ABOUT_RETURN_TYPE = YES_ERROR;
				GCC_WARN_UNDECLARED_SELECTOR = YES;
				GCC_WARN_UNINITIALIZED_AUTOS = YES_AGGRESSIVE;
				GCC_WARN_UNUSED_FUNCTION = YES;
				GCC_WARN_UNUSED_VARIABLE = YES;
				MACOSX_DEPLOYMENT_TARGET = 13.3;
				MTL_ENABLE_DEBUG_INFO = INCLUDE_SOURCE;
				MTL_FAST_MATH = YES;
				ONLY_ACTIVE_ARCH = YES;
				SDKROOT = macosx;
			};
			name = Debug;
		};
		60E2DCC02A11F53D007DDE2B /* Release */ = {
			isa = XCBuildConfiguration;
			buildSettings = {
				ALWAYS_SEARCH_USER_PATHS = NO;
				CLANG_ANALYZER_NONNULL = YES;
				CLANG_ANALYZER_NUMBER_OBJECT_CONVERSION = YES_AGGRESSIVE;
				CLANG_CXX_LANGUAGE_STANDARD = "gnu++20";
				CLANG_ENABLE_MODULES = YES;
				CLANG_ENABLE_OBJC_ARC = YES;
				CLANG_ENABLE_OBJC_WEAK = YES;
				CLANG_WARN_BLOCK_CAPTURE_AUTORELEASING = YES;
				CLANG_WARN_BOOL_CONVERSION = YES;
				CLANG_WARN_COMMA = YES;
				CLANG_WARN_CONSTANT_CONVERSION = YES;
				CLANG_WARN_DEPRECATED_OBJC_IMPLEMENTATIONS = YES;
				CLANG_WARN_DIRECT_OBJC_ISA_USAGE = YES_ERROR;
				CLANG_WARN_DOCUMENTATION_COMMENTS = YES;
				CLANG_WARN_EMPTY_BODY = YES;
				CLANG_WARN_ENUM_CONVERSION = YES;
				CLANG_WARN_INFINITE_RECURSION = YES;
				CLANG_WARN_INT_CONVERSION = YES;
				CLANG_WARN_NON_LITERAL_NULL_CONVERSION = YES;
				CLANG_WARN_OBJC_IMPLICIT_RETAIN_SELF = YES;
				CLANG_WARN_OBJC_LITERAL_CONVERSION = YES;
				CLANG_WARN_OBJC_ROOT_CLASS = YES_ERROR;
				CLANG_WARN_QUOTED_INCLUDE_IN_FRAMEWORK_HEADER = YES;
				CLANG_WARN_RANGE_LOOP_ANALYSIS = YES;
				CLANG_WARN_STRICT_PROTOTYPES = YES;
				CLANG_WARN_SUSPICIOUS_MOVE = YES;
				CLANG_WARN_UNGUARDED_AVAILABILITY = YES_AGGRESSIVE;
				CLANG_WARN_UNREACHABLE_CODE = YES;
				CLANG_WARN__DUPLICATE_METHOD_MATCH = YES;
				COPY_PHASE_STRIP = NO;
				DEBUG_INFORMATION_FORMAT = "dwarf-with-dsym";
				ENABLE_NS_ASSERTIONS = NO;
				ENABLE_STRICT_OBJC_MSGSEND = YES;
				GCC_C_LANGUAGE_STANDARD = gnu11;
				GCC_NO_COMMON_BLOCKS = YES;
				GCC_WARN_64_TO_32_BIT_CONVERSION = YES;
				GCC_WARN_ABOUT_RETURN_TYPE = YES_ERROR;
				GCC_WARN_UNDECLARED_SELECTOR = YES;
				GCC_WARN_UNINITIALIZED_AUTOS = YES_AGGRESSIVE;
				GCC_WARN_UNUSED_FUNCTION = YES;
				GCC_WARN_UNUSED_VARIABLE = YES;
				MACOSX_DEPLOYMENT_TARGET = 13.3;
				MTL_ENABLE_DEBUG_INFO = NO;
				MTL_FAST_MATH = YES;
				SDKROOT = macosx;
			};
			name = Release;
		};
		60E2DCC22A11F53D007DDE2B /* Debug */ = {
			isa = XCBuildConfiguration;
			buildSettings = {
				CODE_SIGN_STYLE = Automatic;
				DEVELOPMENT_TEAM = ZV73ZF4TUR;
				ENABLE_HARDENED_RUNTIME = YES;
				PRODUCT_NAME = "$(TARGET_NAME)";
			};
			name = Debug;
		};
		60E2DCC32A11F53D007DDE2B /* Release */ = {
			isa = XCBuildConfiguration;
			buildSettings = {
				CODE_SIGN_STYLE = Automatic;
				DEVELOPMENT_TEAM = ZV73ZF4TUR;
				ENABLE_HARDENED_RUNTIME = YES;
				PRODUCT_NAME = "$(TARGET_NAME)";
			};
			name = Release;
		};
/* End XCBuildConfiguration section */

/* Begin XCConfigurationList section */
		60E2DCB52A11F53D007DDE2B /* Build configuration list for PBXProject "K-Means_Clustering" */ = {
			isa = XCConfigurationList;
			buildConfigurations = (
				60E2DCBF2A11F53D007DDE2B /* Debug */,
				60E2DCC02A11F53D007DDE2B /* Release */,
			);
			defaultConfigurationIsVisible = 0;
			defaultConfigurationName = Release;
		};
		60E2DCC12A11F53D007DDE2B /* Build configuration list for PBXNativeTarget "K-Means_Clustering" */ = {
			isa = XCConfigurationList;
			buildConfigurations = (
				60E2DCC22A11F53D007DDE2B /* Debug */,
				60E2DCC32A11F53D007DDE2B /* Release */,
			);
			defaultConfigurationIsVisible = 0;
			defaultConfigurationName = Release;
		};
/* End XCConfigurationList section */
	};
	rootObject = 60E2DCB22A11F53D007DDE2B /* Project object */;
}
